// !$*UTF8*$!
{
	archiveVersion = 1;
	classes = {
	};
	objectVersion = 50;
	objects = {

/* Begin PBXBuildFile section */
		2D5213BB2166D4F900C15791 /* AppDelegate.swift in Sources */ = {isa = PBXBuildFile; fileRef = 2D5213BA2166D4F900C15791 /* AppDelegate.swift */; };
		2D5213C02166D4F900C15791 /* Main.storyboard in Resources */ = {isa = PBXBuildFile; fileRef = 2D5213BE2166D4F900C15791 /* Main.storyboard */; };
		2D5213C32166D4F900C15791 /* Photos.xcdatamodeld in Sources */ = {isa = PBXBuildFile; fileRef = 2D5213C12166D4F900C15791 /* Photos.xcdatamodeld */; };
		2D5213C52166D4F900C15791 /* Assets.xcassets in Resources */ = {isa = PBXBuildFile; fileRef = 2D5213C42166D4F900C15791 /* Assets.xcassets */; };
		2D5213C82166D4F900C15791 /* LaunchScreen.storyboard in Resources */ = {isa = PBXBuildFile; fileRef = 2D5213C62166D4F900C15791 /* LaunchScreen.storyboard */; };
		2D5213D32166D4F900C15791 /* PhotosTests.swift in Sources */ = {isa = PBXBuildFile; fileRef = 2D5213D22166D4F900C15791 /* PhotosTests.swift */; };
		2D5213DE2166D4F900C15791 /* PhotosUITests.swift in Sources */ = {isa = PBXBuildFile; fileRef = 2D5213DD2166D4F900C15791 /* PhotosUITests.swift */; };
		2DFDEC00216FF81D008BD86A /* ImageSelectionViewController.swift in Sources */ = {isa = PBXBuildFile; fileRef = 2DFDEBFF216FF81D008BD86A /* ImageSelectionViewController.swift */; };
/* End PBXBuildFile section */

/* Begin PBXContainerItemProxy section */
		2D5213CF2166D4F900C15791 /* PBXContainerItemProxy */ = {
			isa = PBXContainerItemProxy;
			containerPortal = 2D5213AF2166D4F900C15791 /* Project object */;
			proxyType = 1;
			remoteGlobalIDString = 2D5213B62166D4F900C15791;
			remoteInfo = Photos;
		};
		2D5213DA2166D4F900C15791 /* PBXContainerItemProxy */ = {
			isa = PBXContainerItemProxy;
			containerPortal = 2D5213AF2166D4F900C15791 /* Project object */;
			proxyType = 1;
			remoteGlobalIDString = 2D5213B62166D4F900C15791;
			remoteInfo = Photos;
		};
/* End PBXContainerItemProxy section */

/* Begin PBXFileReference section */
		2D5213B72166D4F900C15791 /* Photos.app */ = {isa = PBXFileReference; explicitFileType = wrapper.application; includeInIndex = 0; path = Photos.app; sourceTree = BUILT_PRODUCTS_DIR; };
		2D5213BA2166D4F900C15791 /* AppDelegate.swift */ = {isa = PBXFileReference; lastKnownFileType = sourcecode.swift; path = AppDelegate.swift; sourceTree = "<group>"; };
		2D5213BF2166D4F900C15791 /* Base */ = {isa = PBXFileReference; lastKnownFileType = file.storyboard; name = Base; path = Base.lproj/Main.storyboard; sourceTree = "<group>"; };
		2D5213C22166D4F900C15791 /* Photos.xcdatamodel */ = {isa = PBXFileReference; lastKnownFileType = wrapper.xcdatamodel; path = Photos.xcdatamodel; sourceTree = "<group>"; };
		2D5213C42166D4F900C15791 /* Assets.xcassets */ = {isa = PBXFileReference; lastKnownFileType = folder.assetcatalog; path = Assets.xcassets; sourceTree = "<group>"; };
		2D5213C72166D4F900C15791 /* Base */ = {isa = PBXFileReference; lastKnownFileType = file.storyboard; name = Base; path = Base.lproj/LaunchScreen.storyboard; sourceTree = "<group>"; };
		2D5213C92166D4F900C15791 /* Info.plist */ = {isa = PBXFileReference; lastKnownFileType = text.plist.xml; path = Info.plist; sourceTree = "<group>"; };
		2D5213CE2166D4F900C15791 /* PhotosTests.xctest */ = {isa = PBXFileReference; explicitFileType = wrapper.cfbundle; includeInIndex = 0; path = PhotosTests.xctest; sourceTree = BUILT_PRODUCTS_DIR; };
		2D5213D22166D4F900C15791 /* PhotosTests.swift */ = {isa = PBXFileReference; lastKnownFileType = sourcecode.swift; path = PhotosTests.swift; sourceTree = "<group>"; };
		2D5213D42166D4F900C15791 /* Info.plist */ = {isa = PBXFileReference; lastKnownFileType = text.plist.xml; path = Info.plist; sourceTree = "<group>"; };
		2D5213D92166D4F900C15791 /* PhotosUITests.xctest */ = {isa = PBXFileReference; explicitFileType = wrapper.cfbundle; includeInIndex = 0; path = PhotosUITests.xctest; sourceTree = BUILT_PRODUCTS_DIR; };
		2D5213DD2166D4F900C15791 /* PhotosUITests.swift */ = {isa = PBXFileReference; lastKnownFileType = sourcecode.swift; path = PhotosUITests.swift; sourceTree = "<group>"; };
		2D5213DF2166D4FA00C15791 /* Info.plist */ = {isa = PBXFileReference; lastKnownFileType = text.plist.xml; path = Info.plist; sourceTree = "<group>"; };
		2DFDEBFF216FF81D008BD86A /* ImageSelectionViewController.swift */ = {isa = PBXFileReference; lastKnownFileType = sourcecode.swift; path = ImageSelectionViewController.swift; sourceTree = "<group>"; };
/* End PBXFileReference section */

/* Begin PBXFrameworksBuildPhase section */
		2D5213B42166D4F900C15791 /* Frameworks */ = {
			isa = PBXFrameworksBuildPhase;
			buildActionMask = 2147483647;
			files = (
			);
			runOnlyForDeploymentPostprocessing = 0;
		};
		2D5213CB2166D4F900C15791 /* Frameworks */ = {
			isa = PBXFrameworksBuildPhase;
			buildActionMask = 2147483647;
			files = (
			);
			runOnlyForDeploymentPostprocessing = 0;
		};
		2D5213D62166D4F900C15791 /* Frameworks */ = {
			isa = PBXFrameworksBuildPhase;
			buildActionMask = 2147483647;
			files = (
			);
			runOnlyForDeploymentPostprocessing = 0;
		};
/* End PBXFrameworksBuildPhase section */

/* Begin PBXGroup section */
		2D5213AE2166D4F900C15791 = {
			isa = PBXGroup;
			children = (
				2D5213B92166D4F900C15791 /* Photos */,
				2D5213D12166D4F900C15791 /* PhotosTests */,
				2D5213DC2166D4F900C15791 /* PhotosUITests */,
				2D5213B82166D4F900C15791 /* Products */,
			);
			sourceTree = "<group>";
		};
		2D5213B82166D4F900C15791 /* Products */ = {
			isa = PBXGroup;
			children = (
				2D5213B72166D4F900C15791 /* Photos.app */,
				2D5213CE2166D4F900C15791 /* PhotosTests.xctest */,
				2D5213D92166D4F900C15791 /* PhotosUITests.xctest */,
			);
			name = Products;
			sourceTree = "<group>";
		};
		2D5213B92166D4F900C15791 /* Photos */ = {
			isa = PBXGroup;
			children = (
				2D5213BA2166D4F900C15791 /* AppDelegate.swift */,
				2DFDEBFF216FF81D008BD86A /* ImageSelectionViewController.swift */,
				2D5213BE2166D4F900C15791 /* Main.storyboard */,
				2D5213C42166D4F900C15791 /* Assets.xcassets */,
				2D5213C62166D4F900C15791 /* LaunchScreen.storyboard */,
				2D5213C92166D4F900C15791 /* Info.plist */,
				2D5213C12166D4F900C15791 /* Photos.xcdatamodeld */,
			);
			path = Photos;
			sourceTree = "<group>";
		};
		2D5213D12166D4F900C15791 /* PhotosTests */ = {
			isa = PBXGroup;
			children = (
				2D5213D22166D4F900C15791 /* PhotosTests.swift */,
				2D5213D42166D4F900C15791 /* Info.plist */,
			);
			path = PhotosTests;
			sourceTree = "<group>";
		};
		2D5213DC2166D4F900C15791 /* PhotosUITests */ = {
			isa = PBXGroup;
			children = (
				2D5213DD2166D4F900C15791 /* PhotosUITests.swift */,
				2D5213DF2166D4FA00C15791 /* Info.plist */,
			);
			path = PhotosUITests;
			sourceTree = "<group>";
		};
/* End PBXGroup section */

/* Begin PBXNativeTarget section */
		2D5213B62166D4F900C15791 /* Photos */ = {
			isa = PBXNativeTarget;
			buildConfigurationList = 2D5213E22166D4FA00C15791 /* Build configuration list for PBXNativeTarget "Photos" */;
			buildPhases = (
				2D5213B32166D4F900C15791 /* Sources */,
				2D5213B42166D4F900C15791 /* Frameworks */,
				2D5213B52166D4F900C15791 /* Resources */,
			);
			buildRules = (
			);
			dependencies = (
			);
			name = Photos;
			productName = Photos;
			productReference = 2D5213B72166D4F900C15791 /* Photos.app */;
			productType = "com.apple.product-type.application";
		};
		2D5213CD2166D4F900C15791 /* PhotosTests */ = {
			isa = PBXNativeTarget;
			buildConfigurationList = 2D5213E52166D4FA00C15791 /* Build configuration list for PBXNativeTarget "PhotosTests" */;
			buildPhases = (
				2D5213CA2166D4F900C15791 /* Sources */,
				2D5213CB2166D4F900C15791 /* Frameworks */,
				2D5213CC2166D4F900C15791 /* Resources */,
			);
			buildRules = (
			);
			dependencies = (
				2D5213D02166D4F900C15791 /* PBXTargetDependency */,
			);
			name = PhotosTests;
			productName = PhotosTests;
			productReference = 2D5213CE2166D4F900C15791 /* PhotosTests.xctest */;
			productType = "com.apple.product-type.bundle.unit-test";
		};
		2D5213D82166D4F900C15791 /* PhotosUITests */ = {
			isa = PBXNativeTarget;
			buildConfigurationList = 2D5213E82166D4FA00C15791 /* Build configuration list for PBXNativeTarget "PhotosUITests" */;
			buildPhases = (
				2D5213D52166D4F900C15791 /* Sources */,
				2D5213D62166D4F900C15791 /* Frameworks */,
				2D5213D72166D4F900C15791 /* Resources */,
			);
			buildRules = (
			);
			dependencies = (
				2D5213DB2166D4F900C15791 /* PBXTargetDependency */,
			);
			name = PhotosUITests;
			productName = PhotosUITests;
			productReference = 2D5213D92166D4F900C15791 /* PhotosUITests.xctest */;
			productType = "com.apple.product-type.bundle.ui-testing";
		};
/* End PBXNativeTarget section */

/* Begin PBXProject section */
		2D5213AF2166D4F900C15791 /* Project object */ = {
			isa = PBXProject;
			attributes = {
				LastSwiftUpdateCheck = 1000;
				LastUpgradeCheck = 1000;
				ORGANIZATIONNAME = "Melissa Hollingshed";
				TargetAttributes = {
					2D5213B62166D4F900C15791 = {
						CreatedOnToolsVersion = 10.0;
					};
					2D5213CD2166D4F900C15791 = {
						CreatedOnToolsVersion = 10.0;
						TestTargetID = 2D5213B62166D4F900C15791;
					};
					2D5213D82166D4F900C15791 = {
						CreatedOnToolsVersion = 10.0;
						TestTargetID = 2D5213B62166D4F900C15791;
					};
				};
			};
			buildConfigurationList = 2D5213B22166D4F900C15791 /* Build configuration list for PBXProject "Photos" */;
			compatibilityVersion = "Xcode 9.3";
			developmentRegion = en;
			hasScannedForEncodings = 0;
			knownRegions = (
				en,
				Base,
			);
			mainGroup = 2D5213AE2166D4F900C15791;
			productRefGroup = 2D5213B82166D4F900C15791 /* Products */;
			projectDirPath = "";
			projectRoot = "";
			targets = (
				2D5213B62166D4F900C15791 /* Photos */,
				2D5213CD2166D4F900C15791 /* PhotosTests */,
				2D5213D82166D4F900C15791 /* PhotosUITests */,
			);
		};
/* End PBXProject section */

/* Begin PBXResourcesBuildPhase section */
		2D5213B52166D4F900C15791 /* Resources */ = {
			isa = PBXResourcesBuildPhase;
			buildActionMask = 2147483647;
			files = (
				2D5213C82166D4F900C15791 /* LaunchScreen.storyboard in Resources */,
				2D5213C52166D4F900C15791 /* Assets.xcassets in Resources */,
				2D5213C02166D4F900C15791 /* Main.storyboard in Resources */,
			);
			runOnlyForDeploymentPostprocessing = 0;
		};
		2D5213CC2166D4F900C15791 /* Resources */ = {
			isa = PBXResourcesBuildPhase;
			buildActionMask = 2147483647;
			files = (
			);
			runOnlyForDeploymentPostprocessing = 0;
		};
		2D5213D72166D4F900C15791 /* Resources */ = {
			isa = PBXResourcesBuildPhase;
			buildActionMask = 2147483647;
			files = (
			);
			runOnlyForDeploymentPostprocessing = 0;
		};
/* End PBXResourcesBuildPhase section */

/* Begin PBXSourcesBuildPhase section */
		2D5213B32166D4F900C15791 /* Sources */ = {
			isa = PBXSourcesBuildPhase;
			buildActionMask = 2147483647;
			files = (
				2D5213C32166D4F900C15791 /* Photos.xcdatamodeld in Sources */,
				2DFDEC00216FF81D008BD86A /* ImageSelectionViewController.swift in Sources */,
				2D5213BB2166D4F900C15791 /* AppDelegate.swift in Sources */,
			);
			runOnlyForDeploymentPostprocessing = 0;
		};
		2D5213CA2166D4F900C15791 /* Sources */ = {
			isa = PBXSourcesBuildPhase;
			buildActionMask = 2147483647;
			files = (
				2D5213D32166D4F900C15791 /* PhotosTests.swift in Sources */,
			);
			runOnlyForDeploymentPostprocessing = 0;
		};
		2D5213D52166D4F900C15791 /* Sources */ = {
			isa = PBXSourcesBuildPhase;
			buildActionMask = 2147483647;
			files = (
				2D5213DE2166D4F900C15791 /* PhotosUITests.swift in Sources */,
			);
			runOnlyForDeploymentPostprocessing = 0;
		};
/* End PBXSourcesBuildPhase section */

/* Begin PBXTargetDependency section */
		2D5213D02166D4F900C15791 /* PBXTargetDependency */ = {
			isa = PBXTargetDependency;
			target = 2D5213B62166D4F900C15791 /* Photos */;
			targetProxy = 2D5213CF2166D4F900C15791 /* PBXContainerItemProxy */;
		};
		2D5213DB2166D4F900C15791 /* PBXTargetDependency */ = {
			isa = PBXTargetDependency;
			target = 2D5213B62166D4F900C15791 /* Photos */;
			targetProxy = 2D5213DA2166D4F900C15791 /* PBXContainerItemProxy */;
		};
/* End PBXTargetDependency section */

/* Begin PBXVariantGroup section */
		2D5213BE2166D4F900C15791 /* Main.storyboard */ = {
			isa = PBXVariantGroup;
			children = (
				2D5213BF2166D4F900C15791 /* Base */,
			);
			name = Main.storyboard;
			sourceTree = "<group>";
		};
		2D5213C62166D4F900C15791 /* LaunchScreen.storyboard */ = {
			isa = PBXVariantGroup;
			children = (
				2D5213C72166D4F900C15791 /* Base */,
			);
			name = LaunchScreen.storyboard;
			sourceTree = "<group>";
		};
/* End PBXVariantGroup section */

/* Begin XCBuildConfiguration section */
		2D5213E02166D4FA00C15791 /* Debug */ = {
			isa = XCBuildConfiguration;
			buildSettings = {
				ALWAYS_SEARCH_USER_PATHS = NO;
				CLANG_ANALYZER_NONNULL = YES;
				CLANG_ANALYZER_NUMBER_OBJECT_CONVERSION = YES_AGGRESSIVE;
				CLANG_CXX_LANGUAGE_STANDARD = "gnu++14";
				CLANG_CXX_LIBRARY = "libc++";
				CLANG_ENABLE_MODULES = YES;
				CLANG_ENABLE_OBJC_ARC = YES;
				CLANG_ENABLE_OBJC_WEAK = YES;
				CLANG_WARN_BLOCK_CAPTURE_AUTORELEASING = YES;
				CLANG_WARN_BOOL_CONVERSION = YES;
				CLANG_WARN_COMMA = YES;
				CLANG_WARN_CONSTANT_CONVERSION = YES;
				CLANG_WARN_DEPRECATED_OBJC_IMPLEMENTATIONS = YES;
				CLANG_WARN_DIRECT_OBJC_ISA_USAGE = YES_ERROR;
				CLANG_WARN_DOCUMENTATION_COMMENTS = YES;
				CLANG_WARN_EMPTY_BODY = YES;
				CLANG_WARN_ENUM_CONVERSION = YES;
				CLANG_WARN_INFINITE_RECURSION = YES;
				CLANG_WARN_INT_CONVERSION = YES;
				CLANG_WARN_NON_LITERAL_NULL_CONVERSION = YES;
				CLANG_WARN_OBJC_IMPLICIT_RETAIN_SELF = YES;
				CLANG_WARN_OBJC_LITERAL_CONVERSION = YES;
				CLANG_WARN_OBJC_ROOT_CLASS = YES_ERROR;
				CLANG_WARN_RANGE_LOOP_ANALYSIS = YES;
				CLANG_WARN_STRICT_PROTOTYPES = YES;
				CLANG_WARN_SUSPICIOUS_MOVE = YES;
				CLANG_WARN_UNGUARDED_AVAILABILITY = YES_AGGRESSIVE;
				CLANG_WARN_UNREACHABLE_CODE = YES;
				CLANG_WARN__DUPLICATE_METHOD_MATCH = YES;
				CODE_SIGN_IDENTITY = "iPhone Developer";
				COPY_PHASE_STRIP = NO;
				DEBUG_INFORMATION_FORMAT = dwarf;
				ENABLE_STRICT_OBJC_MSGSEND = YES;
				ENABLE_TESTABILITY = YES;
				GCC_C_LANGUAGE_STANDARD = gnu11;
				GCC_DYNAMIC_NO_PIC = NO;
				GCC_NO_COMMON_BLOCKS = YES;
				GCC_OPTIMIZATION_LEVEL = 0;
				GCC_PREPROCESSOR_DEFINITIONS = (
					"DEBUG=1",
					"$(inherited)",
				);
				GCC_WARN_64_TO_32_BIT_CONVERSION = YES;
				GCC_WARN_ABOUT_RETURN_TYPE = YES_ERROR;
				GCC_WARN_UNDECLARED_SELECTOR = YES;
				GCC_WARN_UNINITIALIZED_AUTOS = YES_AGGRESSIVE;
				GCC_WARN_UNUSED_FUNCTION = YES;
				GCC_WARN_UNUSED_VARIABLE = YES;
				IPHONEOS_DEPLOYMENT_TARGET = 12.0;
				MTL_ENABLE_DEBUG_INFO = INCLUDE_SOURCE;
				MTL_FAST_MATH = YES;
				ONLY_ACTIVE_ARCH = YES;
				SDKROOT = iphoneos;
				SWIFT_ACTIVE_COMPILATION_CONDITIONS = DEBUG;
				SWIFT_OPTIMIZATION_LEVEL = "-Onone";
			};
			name = Debug;
		};
		2D5213E12166D4FA00C15791 /* Release */ = {
			isa = XCBuildConfiguration;
			buildSettings = {
				ALWAYS_SEARCH_USER_PATHS = NO;
				CLANG_ANALYZER_NONNULL = YES;
				CLANG_ANALYZER_NUMBER_OBJECT_CONVERSION = YES_AGGRESSIVE;
				CLANG_CXX_LANGUAGE_STANDARD = "gnu++14";
				CLANG_CXX_LIBRARY = "libc++";
				CLANG_ENABLE_MODULES = YES;
				CLANG_ENABLE_OBJC_ARC = YES;
				CLANG_ENABLE_OBJC_WEAK = YES;
				CLANG_WARN_BLOCK_CAPTURE_AUTORELEASING = YES;
				CLANG_WARN_BOOL_CONVERSION = YES;
				CLANG_WARN_COMMA = YES;
				CLANG_WARN_CONSTANT_CONVERSION = YES;
				CLANG_WARN_DEPRECATED_OBJC_IMPLEMENTATIONS = YES;
				CLANG_WARN_DIRECT_OBJC_ISA_USAGE = YES_ERROR;
				CLANG_WARN_DOCUMENTATION_COMMENTS = YES;
				CLANG_WARN_EMPTY_BODY = YES;
				CLANG_WARN_ENUM_CONVERSION = YES;
				CLANG_WARN_INFINITE_RECURSION = YES;
				CLANG_WARN_INT_CONVERSION = YES;
				CLANG_WARN_NON_LITERAL_NULL_CONVERSION = YES;
				CLANG_WARN_OBJC_IMPLICIT_RETAIN_SELF = YES;
				CLANG_WARN_OBJC_LITERAL_CONVERSION = YES;
				CLANG_WARN_OBJC_ROOT_CLASS = YES_ERROR;
				CLANG_WARN_RANGE_LOOP_ANALYSIS = YES;
				CLANG_WARN_STRICT_PROTOTYPES = YES;
				CLANG_WARN_SUSPICIOUS_MOVE = YES;
				CLANG_WARN_UNGUARDED_AVAILABILITY = YES_AGGRESSIVE;
				CLANG_WARN_UNREACHABLE_CODE = YES;
				CLANG_WARN__DUPLICATE_METHOD_MATCH = YES;
				CODE_SIGN_IDENTITY = "iPhone Developer";
				COPY_PHASE_STRIP = NO;
				DEBUG_INFORMATION_FORMAT = "dwarf-with-dsym";
				ENABLE_NS_ASSERTIONS = NO;
				ENABLE_STRICT_OBJC_MSGSEND = YES;
				GCC_C_LANGUAGE_STANDARD = gnu11;
				GCC_NO_COMMON_BLOCKS = YES;
				GCC_WARN_64_TO_32_BIT_CONVERSION = YES;
				GCC_WARN_ABOUT_RETURN_TYPE = YES_ERROR;
				GCC_WARN_UNDECLARED_SELECTOR = YES;
				GCC_WARN_UNINITIALIZED_AUTOS = YES_AGGRESSIVE;
				GCC_WARN_UNUSED_FUNCTION = YES;
				GCC_WARN_UNUSED_VARIABLE = YES;
				IPHONEOS_DEPLOYMENT_TARGET = 12.0;
				MTL_ENABLE_DEBUG_INFO = NO;
				MTL_FAST_MATH = YES;
				SDKROOT = iphoneos;
				SWIFT_COMPILATION_MODE = wholemodule;
				SWIFT_OPTIMIZATION_LEVEL = "-O";
				VALIDATE_PRODUCT = YES;
			};
			name = Release;
		};
		2D5213E32166D4FA00C15791 /* Debug */ = {
			isa = XCBuildConfiguration;
			buildSettings = {
				ASSETCATALOG_COMPILER_APPICON_NAME = AppIcon;
				CODE_SIGN_STYLE = Automatic;
				DEVELOPMENT_TEAM = 7W7H8FXRG2;
				INFOPLIST_FILE = Photos/Info.plist;
				LD_RUNPATH_SEARCH_PATHS = (
					"$(inherited)",
					"@executable_path/Frameworks",
				);
				PRODUCT_BUNDLE_IDENTIFIER = online.techinnovator.Photos;
				PRODUCT_NAME = "$(TARGET_NAME)";
				SWIFT_VERSION = 4.2;
				TARGETED_DEVICE_FAMILY = "1,2";
			};
			name = Debug;
		};
		2D5213E42166D4FA00C15791 /* Release */ = {
			isa = XCBuildConfiguration;
			buildSettings = {
				ASSETCATALOG_COMPILER_APPICON_NAME = AppIcon;
				CODE_SIGN_STYLE = Automatic;
				DEVELOPMENT_TEAM = 7W7H8FXRG2;
				INFOPLIST_FILE = Photos/Info.plist;
				LD_RUNPATH_SEARCH_PATHS = (
					"$(inherited)",
					"@executable_path/Frameworks",
				);
				PRODUCT_BUNDLE_IDENTIFIER = online.techinnovator.Photos;
				PRODUCT_NAME = "$(TARGET_NAME)";
				SWIFT_VERSION = 4.2;
				TARGETED_DEVICE_FAMILY = "1,2";
			};
			name = Release;
		};
		2D5213E62166D4FA00C15791 /* Debug */ = {
			isa = XCBuildConfiguration;
			buildSettings = {
				ALWAYS_EMBED_SWIFT_STANDARD_LIBRARIES = YES;
				BUNDLE_LOADER = "$(TEST_HOST)";
				CODE_SIGN_STYLE = Automatic;
				INFOPLIST_FILE = PhotosTests/Info.plist;
				LD_RUNPATH_SEARCH_PATHS = (
					"$(inherited)",
					"@executable_path/Frameworks",
					"@loader_path/Frameworks",
				);
				PRODUCT_BUNDLE_IDENTIFIER = online.techinnovator.PhotosTests;
				PRODUCT_NAME = "$(TARGET_NAME)";
				SWIFT_VERSION = 4.2;
				TARGETED_DEVICE_FAMILY = "1,2";
				TEST_HOST = "$(BUILT_PRODUCTS_DIR)/Photos.app/Photos";
			};
			name = Debug;
		};
		2D5213E72166D4FA00C15791 /* Release */ = {
			isa = XCBuildConfiguration;
			buildSettings = {
				ALWAYS_EMBED_SWIFT_STANDARD_LIBRARIES = YES;
				BUNDLE_LOADER = "$(TEST_HOST)";
				CODE_SIGN_STYLE = Automatic;
				INFOPLIST_FILE = PhotosTests/Info.plist;
				LD_RUNPATH_SEARCH_PATHS = (
					"$(inherited)",
					"@executable_path/Frameworks",
					"@loader_path/Frameworks",
				);
				PRODUCT_BUNDLE_IDENTIFIER = online.techinnovator.PhotosTests;
				PRODUCT_NAME = "$(TARGET_NAME)";
				SWIFT_VERSION = 4.2;
				TARGETED_DEVICE_FAMILY = "1,2";
				TEST_HOST = "$(BUILT_PRODUCTS_DIR)/Photos.app/Photos";
			};
			name = Release;
		};
		2D5213E92166D4FA00C15791 /* Debug */ = {
			isa = XCBuildConfiguration;
			buildSettings = {
				ALWAYS_EMBED_SWIFT_STANDARD_LIBRARIES = YES;
				CODE_SIGN_STYLE = Automatic;
				INFOPLIST_FILE = PhotosUITests/Info.plist;
				LD_RUNPATH_SEARCH_PATHS = (
					"$(inherited)",
					"@executable_path/Frameworks",
					"@loader_path/Frameworks",
				);
				PRODUCT_BUNDLE_IDENTIFIER = online.techinnovator.PhotosUITests;
				PRODUCT_NAME = "$(TARGET_NAME)";
				SWIFT_VERSION = 4.2;
				TARGETED_DEVICE_FAMILY = "1,2";
				TEST_TARGET_NAME = Photos;
			};
			name = Debug;
		};
		2D5213EA2166D4FA00C15791 /* Release */ = {
			isa = XCBuildConfiguration;
			buildSettings = {
				ALWAYS_EMBED_SWIFT_STANDARD_LIBRARIES = YES;
				CODE_SIGN_STYLE = Automatic;
				INFOPLIST_FILE = PhotosUITests/Info.plist;
				LD_RUNPATH_SEARCH_PATHS = (
					"$(inherited)",
					"@executable_path/Frameworks",
					"@loader_path/Frameworks",
				);
				PRODUCT_BUNDLE_IDENTIFIER = online.techinnovator.PhotosUITests;
				PRODUCT_NAME = "$(TARGET_NAME)";
				SWIFT_VERSION = 4.2;
				TARGETED_DEVICE_FAMILY = "1,2";
				TEST_TARGET_NAME = Photos;
			};
			name = Release;
		};
/* End XCBuildConfiguration section */

/* Begin XCConfigurationList section */
		2D5213B22166D4F900C15791 /* Build configuration list for PBXProject "Photos" */ = {
			isa = XCConfigurationList;
			buildConfigurations = (
				2D5213E02166D4FA00C15791 /* Debug */,
				2D5213E12166D4FA00C15791 /* Release */,
			);
			defaultConfigurationIsVisible = 0;
			defaultConfigurationName = Release;
		};
		2D5213E22166D4FA00C15791 /* Build configuration list for PBXNativeTarget "Photos" */ = {
			isa = XCConfigurationList;
			buildConfigurations = (
				2D5213E32166D4FA00C15791 /* Debug */,
				2D5213E42166D4FA00C15791 /* Release */,
			);
			defaultConfigurationIsVisible = 0;
			defaultConfigurationName = Release;
		};
		2D5213E52166D4FA00C15791 /* Build configuration list for PBXNativeTarget "PhotosTests" */ = {
			isa = XCConfigurationList;
			buildConfigurations = (
				2D5213E62166D4FA00C15791 /* Debug */,
				2D5213E72166D4FA00C15791 /* Release */,
			);
			defaultConfigurationIsVisible = 0;
			defaultConfigurationName = Release;
		};
		2D5213E82166D4FA00C15791 /* Build configuration list for PBXNativeTarget "PhotosUITests" */ = {
			isa = XCConfigurationList;
			buildConfigurations = (
				2D5213E92166D4FA00C15791 /* Debug */,
				2D5213EA2166D4FA00C15791 /* Release */,
			);
			defaultConfigurationIsVisible = 0;
			defaultConfigurationName = Release;
		};
/* End XCConfigurationList section */

/* Begin XCVersionGroup section */
		2D5213C12166D4F900C15791 /* Photos.xcdatamodeld */ = {
			isa = XCVersionGroup;
			children = (
				2D5213C22166D4F900C15791 /* Photos.xcdatamodel */,
			);
			currentVersion = 2D5213C22166D4F900C15791 /* Photos.xcdatamodel */;
			path = Photos.xcdatamodeld;
			sourceTree = "<group>";
			versionGroupType = wrapper.xcdatamodel;
		};
/* End XCVersionGroup section */
	};
	rootObject = 2D5213AF2166D4F900C15791 /* Project object */;
}
